// !$*UTF8*$!
{
	archiveVersion = 1;
	classes = {
	};
	objectVersion = 50;
	objects = {

/* Begin PBXBuildFile section */
		3060593FE2D08E820EB0774E /* Pods_SaglikAsistaniTests.framework in Frameworks */ = {isa = PBXBuildFile; fileRef = D5B77D648832EFA81AD629B9 /* Pods_SaglikAsistaniTests.framework */; };
		C893F9B134E9A97BD274E56F /* Pods_SaglikAsistani.framework in Frameworks */ = {isa = PBXBuildFile; fileRef = 76DC74CAD7F3D6FB5E676F00 /* Pods_SaglikAsistani.framework */; };
		CC37F7E6FA2978F7C74B051A /* Pods_SaglikAsistaniUITests.framework in Frameworks */ = {isa = PBXBuildFile; fileRef = 386BFCCE1C59E3FC2F211835 /* Pods_SaglikAsistaniUITests.framework */; };
		EA20709D20ED97420074AF15 /* SwiftMessages.swift in Sources */ = {isa = PBXBuildFile; fileRef = EA20709C20ED97420074AF15 /* SwiftMessages.swift */; };
		EA5B81A320EFD6B300AC6F13 /* LoginCoordinator.swift in Sources */ = {isa = PBXBuildFile; fileRef = EA5B81A220EFD6B300AC6F13 /* LoginCoordinator.swift */; };
		EA5B81A520EFD7A600AC6F13 /* Server.swift in Sources */ = {isa = PBXBuildFile; fileRef = EA5B81A420EFD7A600AC6F13 /* Server.swift */; };
		EA5F946320F127C1007E9D1A /* UserCoordinator.swift in Sources */ = {isa = PBXBuildFile; fileRef = EA5F946220F127C1007E9D1A /* UserCoordinator.swift */; };
		EA69FAF320ED6C350052930E /* AppDelegate.swift in Sources */ = {isa = PBXBuildFile; fileRef = EA69FAF220ED6C350052930E /* AppDelegate.swift */; };
		EA69FAF520ED6C350052930E /* LoginViewController.swift in Sources */ = {isa = PBXBuildFile; fileRef = EA69FAF420ED6C350052930E /* LoginViewController.swift */; };
		EA69FAF820ED6C350052930E /* Main.storyboard in Resources */ = {isa = PBXBuildFile; fileRef = EA69FAF620ED6C350052930E /* Main.storyboard */; };
		EA69FAFA20ED6C360052930E /* Assets.xcassets in Resources */ = {isa = PBXBuildFile; fileRef = EA69FAF920ED6C360052930E /* Assets.xcassets */; };
		EA69FAFD20ED6C360052930E /* LaunchScreen.storyboard in Resources */ = {isa = PBXBuildFile; fileRef = EA69FAFB20ED6C360052930E /* LaunchScreen.storyboard */; };
		EA69FB0820ED6C360052930E /* SaglikAsistaniTests.swift in Sources */ = {isa = PBXBuildFile; fileRef = EA69FB0720ED6C360052930E /* SaglikAsistaniTests.swift */; };
		EA69FB1320ED6C360052930E /* SaglikAsistaniUITests.swift in Sources */ = {isa = PBXBuildFile; fileRef = EA69FB1220ED6C360052930E /* SaglikAsistaniUITests.swift */; };
		EA69FB2520ED7EA60052930E /* Validator.swift in Sources */ = {isa = PBXBuildFile; fileRef = EA69FB2420ED7EA60052930E /* Validator.swift */; };
		EA69FB2820ED83450052930E /* SignUpViewController.swift in Sources */ = {isa = PBXBuildFile; fileRef = EA69FB2720ED83450052930E /* SignUpViewController.swift */; };
		EAC0059720EFE21D00648B48 /* SignUpCoordinator.swift in Sources */ = {isa = PBXBuildFile; fileRef = EAC0059620EFE21D00648B48 /* SignUpCoordinator.swift */; };
		EAC0059B20EFE53200648B48 /* ApplicationValues.swift in Sources */ = {isa = PBXBuildFile; fileRef = EAC0059A20EFE53200648B48 /* ApplicationValues.swift */; };
/* End PBXBuildFile section */

/* Begin PBXContainerItemProxy section */
		EA69FB0420ED6C360052930E /* PBXContainerItemProxy */ = {
			isa = PBXContainerItemProxy;
			containerPortal = EA69FAE720ED6C350052930E /* Project object */;
			proxyType = 1;
			remoteGlobalIDString = EA69FAEE20ED6C350052930E;
			remoteInfo = SaglikAsistani;
		};
		EA69FB0F20ED6C360052930E /* PBXContainerItemProxy */ = {
			isa = PBXContainerItemProxy;
			containerPortal = EA69FAE720ED6C350052930E /* Project object */;
			proxyType = 1;
			remoteGlobalIDString = EA69FAEE20ED6C350052930E;
			remoteInfo = SaglikAsistani;
		};
/* End PBXContainerItemProxy section */

/* Begin PBXFileReference section */
		2D4AC9473E2D83086614935D /* Pods-SaglikAsistaniTests.release.xcconfig */ = {isa = PBXFileReference; includeInIndex = 1; lastKnownFileType = text.xcconfig; name = "Pods-SaglikAsistaniTests.release.xcconfig"; path = "Pods/Target Support Files/Pods-SaglikAsistaniTests/Pods-SaglikAsistaniTests.release.xcconfig"; sourceTree = "<group>"; };
		386BFCCE1C59E3FC2F211835 /* Pods_SaglikAsistaniUITests.framework */ = {isa = PBXFileReference; explicitFileType = wrapper.framework; includeInIndex = 0; path = Pods_SaglikAsistaniUITests.framework; sourceTree = BUILT_PRODUCTS_DIR; };
		468DE5B243C33016468AB186 /* Pods-SaglikAsistani.debug.xcconfig */ = {isa = PBXFileReference; includeInIndex = 1; lastKnownFileType = text.xcconfig; name = "Pods-SaglikAsistani.debug.xcconfig"; path = "Pods/Target Support Files/Pods-SaglikAsistani/Pods-SaglikAsistani.debug.xcconfig"; sourceTree = "<group>"; };
		59B119D957E62B1F9F9FA157 /* Pods-SaglikAsistaniUITests.debug.xcconfig */ = {isa = PBXFileReference; includeInIndex = 1; lastKnownFileType = text.xcconfig; name = "Pods-SaglikAsistaniUITests.debug.xcconfig"; path = "Pods/Target Support Files/Pods-SaglikAsistaniUITests/Pods-SaglikAsistaniUITests.debug.xcconfig"; sourceTree = "<group>"; };
		76DC74CAD7F3D6FB5E676F00 /* Pods_SaglikAsistani.framework */ = {isa = PBXFileReference; explicitFileType = wrapper.framework; includeInIndex = 0; path = Pods_SaglikAsistani.framework; sourceTree = BUILT_PRODUCTS_DIR; };
		7BABC8258414E9AC68126E42 /* Pods-SaglikAsistani.release.xcconfig */ = {isa = PBXFileReference; includeInIndex = 1; lastKnownFileType = text.xcconfig; name = "Pods-SaglikAsistani.release.xcconfig"; path = "Pods/Target Support Files/Pods-SaglikAsistani/Pods-SaglikAsistani.release.xcconfig"; sourceTree = "<group>"; };
		AF8EB7B32AC2CF3567CB4B79 /* Pods-SaglikAsistaniTests.debug.xcconfig */ = {isa = PBXFileReference; includeInIndex = 1; lastKnownFileType = text.xcconfig; name = "Pods-SaglikAsistaniTests.debug.xcconfig"; path = "Pods/Target Support Files/Pods-SaglikAsistaniTests/Pods-SaglikAsistaniTests.debug.xcconfig"; sourceTree = "<group>"; };
		D5B77D648832EFA81AD629B9 /* Pods_SaglikAsistaniTests.framework */ = {isa = PBXFileReference; explicitFileType = wrapper.framework; includeInIndex = 0; path = Pods_SaglikAsistaniTests.framework; sourceTree = BUILT_PRODUCTS_DIR; };
		EA20709C20ED97420074AF15 /* SwiftMessages.swift */ = {isa = PBXFileReference; fileEncoding = 4; lastKnownFileType = sourcecode.swift; path = SwiftMessages.swift; sourceTree = "<group>"; };
		EA5B81A220EFD6B300AC6F13 /* LoginCoordinator.swift */ = {isa = PBXFileReference; lastKnownFileType = sourcecode.swift; path = LoginCoordinator.swift; sourceTree = "<group>"; };
		EA5B81A420EFD7A600AC6F13 /* Server.swift */ = {isa = PBXFileReference; lastKnownFileType = sourcecode.swift; path = Server.swift; sourceTree = "<group>"; };
		EA5F946220F127C1007E9D1A /* UserCoordinator.swift */ = {isa = PBXFileReference; lastKnownFileType = sourcecode.swift; path = UserCoordinator.swift; sourceTree = "<group>"; };
		EA69FAEF20ED6C350052930E /* SaglikAsistani.app */ = {isa = PBXFileReference; explicitFileType = wrapper.application; includeInIndex = 0; path = SaglikAsistani.app; sourceTree = BUILT_PRODUCTS_DIR; };
		EA69FAF220ED6C350052930E /* AppDelegate.swift */ = {isa = PBXFileReference; lastKnownFileType = sourcecode.swift; path = AppDelegate.swift; sourceTree = "<group>"; };
		EA69FAF420ED6C350052930E /* LoginViewController.swift */ = {isa = PBXFileReference; lastKnownFileType = sourcecode.swift; path = LoginViewController.swift; sourceTree = "<group>"; };
		EA69FAF720ED6C350052930E /* Base */ = {isa = PBXFileReference; lastKnownFileType = file.storyboard; name = Base; path = Base.lproj/Main.storyboard; sourceTree = "<group>"; };
		EA69FAF920ED6C360052930E /* Assets.xcassets */ = {isa = PBXFileReference; lastKnownFileType = folder.assetcatalog; path = Assets.xcassets; sourceTree = "<group>"; };
		EA69FAFC20ED6C360052930E /* Base */ = {isa = PBXFileReference; lastKnownFileType = file.storyboard; name = Base; path = Base.lproj/LaunchScreen.storyboard; sourceTree = "<group>"; };
		EA69FAFE20ED6C360052930E /* Info.plist */ = {isa = PBXFileReference; lastKnownFileType = text.plist.xml; path = Info.plist; sourceTree = "<group>"; };
		EA69FB0320ED6C360052930E /* SaglikAsistaniTests.xctest */ = {isa = PBXFileReference; explicitFileType = wrapper.cfbundle; includeInIndex = 0; path = SaglikAsistaniTests.xctest; sourceTree = BUILT_PRODUCTS_DIR; };
		EA69FB0720ED6C360052930E /* SaglikAsistaniTests.swift */ = {isa = PBXFileReference; lastKnownFileType = sourcecode.swift; path = SaglikAsistaniTests.swift; sourceTree = "<group>"; };
		EA69FB0920ED6C360052930E /* Info.plist */ = {isa = PBXFileReference; lastKnownFileType = text.plist.xml; path = Info.plist; sourceTree = "<group>"; };
		EA69FB0E20ED6C360052930E /* SaglikAsistaniUITests.xctest */ = {isa = PBXFileReference; explicitFileType = wrapper.cfbundle; includeInIndex = 0; path = SaglikAsistaniUITests.xctest; sourceTree = BUILT_PRODUCTS_DIR; };
		EA69FB1220ED6C360052930E /* SaglikAsistaniUITests.swift */ = {isa = PBXFileReference; lastKnownFileType = sourcecode.swift; path = SaglikAsistaniUITests.swift; sourceTree = "<group>"; };
		EA69FB1420ED6C360052930E /* Info.plist */ = {isa = PBXFileReference; lastKnownFileType = text.plist.xml; path = Info.plist; sourceTree = "<group>"; };
		EA69FB2420ED7EA60052930E /* Validator.swift */ = {isa = PBXFileReference; lastKnownFileType = sourcecode.swift; path = Validator.swift; sourceTree = "<group>"; };
		EA69FB2720ED83450052930E /* SignUpViewController.swift */ = {isa = PBXFileReference; lastKnownFileType = sourcecode.swift; path = SignUpViewController.swift; sourceTree = "<group>"; };
		EAC0059620EFE21D00648B48 /* SignUpCoordinator.swift */ = {isa = PBXFileReference; lastKnownFileType = sourcecode.swift; path = SignUpCoordinator.swift; sourceTree = "<group>"; };
		EAC0059A20EFE53200648B48 /* ApplicationValues.swift */ = {isa = PBXFileReference; lastKnownFileType = sourcecode.swift; path = ApplicationValues.swift; sourceTree = "<group>"; };
		EE867011A702A4A9E41BFE96 /* Pods-SaglikAsistaniUITests.release.xcconfig */ = {isa = PBXFileReference; includeInIndex = 1; lastKnownFileType = text.xcconfig; name = "Pods-SaglikAsistaniUITests.release.xcconfig"; path = "Pods/Target Support Files/Pods-SaglikAsistaniUITests/Pods-SaglikAsistaniUITests.release.xcconfig"; sourceTree = "<group>"; };
/* End PBXFileReference section */

/* Begin PBXFrameworksBuildPhase section */
		EA69FAEC20ED6C350052930E /* Frameworks */ = {
			isa = PBXFrameworksBuildPhase;
			buildActionMask = 2147483647;
			files = (
				C893F9B134E9A97BD274E56F /* Pods_SaglikAsistani.framework in Frameworks */,
			);
			runOnlyForDeploymentPostprocessing = 0;
		};
		EA69FB0020ED6C360052930E /* Frameworks */ = {
			isa = PBXFrameworksBuildPhase;
			buildActionMask = 2147483647;
			files = (
				3060593FE2D08E820EB0774E /* Pods_SaglikAsistaniTests.framework in Frameworks */,
			);
			runOnlyForDeploymentPostprocessing = 0;
		};
		EA69FB0B20ED6C360052930E /* Frameworks */ = {
			isa = PBXFrameworksBuildPhase;
			buildActionMask = 2147483647;
			files = (
				CC37F7E6FA2978F7C74B051A /* Pods_SaglikAsistaniUITests.framework in Frameworks */,
			);
			runOnlyForDeploymentPostprocessing = 0;
		};
/* End PBXFrameworksBuildPhase section */

/* Begin PBXGroup section */
		50A847955BDBAEFFB5E00AA7 /* Pods */ = {
			isa = PBXGroup;
			children = (
				468DE5B243C33016468AB186 /* Pods-SaglikAsistani.debug.xcconfig */,
				7BABC8258414E9AC68126E42 /* Pods-SaglikAsistani.release.xcconfig */,
				AF8EB7B32AC2CF3567CB4B79 /* Pods-SaglikAsistaniTests.debug.xcconfig */,
				2D4AC9473E2D83086614935D /* Pods-SaglikAsistaniTests.release.xcconfig */,
				59B119D957E62B1F9F9FA157 /* Pods-SaglikAsistaniUITests.debug.xcconfig */,
				EE867011A702A4A9E41BFE96 /* Pods-SaglikAsistaniUITests.release.xcconfig */,
			);
			name = Pods;
			sourceTree = "<group>";
		};
		61F29BF7B8840E053062404B /* Frameworks */ = {
			isa = PBXGroup;
			children = (
				76DC74CAD7F3D6FB5E676F00 /* Pods_SaglikAsistani.framework */,
				D5B77D648832EFA81AD629B9 /* Pods_SaglikAsistaniTests.framework */,
				386BFCCE1C59E3FC2F211835 /* Pods_SaglikAsistaniUITests.framework */,
			);
			name = Frameworks;
			sourceTree = "<group>";
		};
		EA20709B20ED97310074AF15 /* Extensions */ = {
			isa = PBXGroup;
			children = (
				EA20709C20ED97420074AF15 /* SwiftMessages.swift */,
			);
			path = Extensions;
			sourceTree = "<group>";
		};
		EA5B81A620EFD7B800AC6F13 /* Application Values */ = {
			isa = PBXGroup;
			children = (
				EA5B81A420EFD7A600AC6F13 /* Server.swift */,
				EAC0059A20EFE53200648B48 /* ApplicationValues.swift */,
			);
			path = "Application Values";
			sourceTree = "<group>";
		};
		EA5F946120F127B3007E9D1A /* User */ = {
			isa = PBXGroup;
			children = (
				EA5F946220F127C1007E9D1A /* UserCoordinator.swift */,
			);
			path = User;
			sourceTree = "<group>";
		};
		EA69FAE620ED6C350052930E = {
			isa = PBXGroup;
			children = (
				EA69FAF120ED6C350052930E /* SaglikAsistani */,
				EA69FB0620ED6C360052930E /* SaglikAsistaniTests */,
				EA69FB1120ED6C360052930E /* SaglikAsistaniUITests */,
				EA69FAF020ED6C350052930E /* Products */,
				50A847955BDBAEFFB5E00AA7 /* Pods */,
				61F29BF7B8840E053062404B /* Frameworks */,
			);
			sourceTree = "<group>";
		};
		EA69FAF020ED6C350052930E /* Products */ = {
			isa = PBXGroup;
			children = (
				EA69FAEF20ED6C350052930E /* SaglikAsistani.app */,
				EA69FB0320ED6C360052930E /* SaglikAsistaniTests.xctest */,
				EA69FB0E20ED6C360052930E /* SaglikAsistaniUITests.xctest */,
			);
			name = Products;
			sourceTree = "<group>";
		};
		EA69FAF120ED6C350052930E /* SaglikAsistani */ = {
			isa = PBXGroup;
			children = (
				EA5F946120F127B3007E9D1A /* User */,
				EA5B81A620EFD7B800AC6F13 /* Application Values */,
				EA20709B20ED97310074AF15 /* Extensions */,
				EA69FAF220ED6C350052930E /* AppDelegate.swift */,
				EA69FAF620ED6C350052930E /* Main.storyboard */,
				EA69FAFE20ED6C360052930E /* Info.plist */,
				EA69FB2120ED6C960052930E /* LogIn */,
				EA69FB2620ED83140052930E /* SignUp */,
				EA69FB2320ED7EA00052930E /* Validation */,
				EA69FB2020ED6C8B0052930E /* Supporting Files */,
			);
			path = SaglikAsistani;
			sourceTree = "<group>";
		};
		EA69FB0620ED6C360052930E /* SaglikAsistaniTests */ = {
			isa = PBXGroup;
			children = (
				EA69FB0720ED6C360052930E /* SaglikAsistaniTests.swift */,
				EA69FB0920ED6C360052930E /* Info.plist */,
			);
			path = SaglikAsistaniTests;
			sourceTree = "<group>";
		};
		EA69FB1120ED6C360052930E /* SaglikAsistaniUITests */ = {
			isa = PBXGroup;
			children = (
				EA69FB1220ED6C360052930E /* SaglikAsistaniUITests.swift */,
				EA69FB1420ED6C360052930E /* Info.plist */,
			);
			path = SaglikAsistaniUITests;
			sourceTree = "<group>";
		};
		EA69FB2020ED6C8B0052930E /* Supporting Files */ = {
			isa = PBXGroup;
			children = (
				EA69FAF920ED6C360052930E /* Assets.xcassets */,
				EA69FAFB20ED6C360052930E /* LaunchScreen.storyboard */,
			);
			path = "Supporting Files";
			sourceTree = "<group>";
		};
		EA69FB2120ED6C960052930E /* LogIn */ = {
			isa = PBXGroup;
			children = (
				EA69FAF420ED6C350052930E /* LoginViewController.swift */,
				EA5B81A220EFD6B300AC6F13 /* LoginCoordinator.swift */,
			);
			path = LogIn;
			sourceTree = "<group>";
		};
		EA69FB2320ED7EA00052930E /* Validation */ = {
			isa = PBXGroup;
			children = (
				EA69FB2420ED7EA60052930E /* Validator.swift */,
			);
			path = Validation;
			sourceTree = "<group>";
		};
		EA69FB2620ED83140052930E /* SignUp */ = {
			isa = PBXGroup;
			children = (
				EA69FB2720ED83450052930E /* SignUpViewController.swift */,
				EAC0059620EFE21D00648B48 /* SignUpCoordinator.swift */,
			);
			path = SignUp;
			sourceTree = "<group>";
		};
/* End PBXGroup section */

/* Begin PBXNativeTarget section */
		EA69FAEE20ED6C350052930E /* SaglikAsistani */ = {
			isa = PBXNativeTarget;
			buildConfigurationList = EA69FB1720ED6C360052930E /* Build configuration list for PBXNativeTarget "SaglikAsistani" */;
			buildPhases = (
				A708CBDFCF3B2FCE118514F9 /* [CP] Check Pods Manifest.lock */,
				EA69FAEB20ED6C350052930E /* Sources */,
				EA69FAEC20ED6C350052930E /* Frameworks */,
				EA69FAED20ED6C350052930E /* Resources */,
				0A1393D2896515524168954C /* [CP] Embed Pods Frameworks */,
			);
			buildRules = (
			);
			dependencies = (
			);
			name = SaglikAsistani;
			productName = SaglikAsistani;
			productReference = EA69FAEF20ED6C350052930E /* SaglikAsistani.app */;
			productType = "com.apple.product-type.application";
		};
		EA69FB0220ED6C360052930E /* SaglikAsistaniTests */ = {
			isa = PBXNativeTarget;
			buildConfigurationList = EA69FB1A20ED6C360052930E /* Build configuration list for PBXNativeTarget "SaglikAsistaniTests" */;
			buildPhases = (
				2BA6667B7033F642E3CFF9C5 /* [CP] Check Pods Manifest.lock */,
				EA69FAFF20ED6C360052930E /* Sources */,
				EA69FB0020ED6C360052930E /* Frameworks */,
				EA69FB0120ED6C360052930E /* Resources */,
			);
			buildRules = (
			);
			dependencies = (
				EA69FB0520ED6C360052930E /* PBXTargetDependency */,
			);
			name = SaglikAsistaniTests;
			productName = SaglikAsistaniTests;
			productReference = EA69FB0320ED6C360052930E /* SaglikAsistaniTests.xctest */;
			productType = "com.apple.product-type.bundle.unit-test";
		};
		EA69FB0D20ED6C360052930E /* SaglikAsistaniUITests */ = {
			isa = PBXNativeTarget;
			buildConfigurationList = EA69FB1D20ED6C360052930E /* Build configuration list for PBXNativeTarget "SaglikAsistaniUITests" */;
			buildPhases = (
				18382E602DE6C706FA2E059E /* [CP] Check Pods Manifest.lock */,
				EA69FB0A20ED6C360052930E /* Sources */,
				EA69FB0B20ED6C360052930E /* Frameworks */,
				EA69FB0C20ED6C360052930E /* Resources */,
			);
			buildRules = (
			);
			dependencies = (
				EA69FB1020ED6C360052930E /* PBXTargetDependency */,
			);
			name = SaglikAsistaniUITests;
			productName = SaglikAsistaniUITests;
			productReference = EA69FB0E20ED6C360052930E /* SaglikAsistaniUITests.xctest */;
			productType = "com.apple.product-type.bundle.ui-testing";
		};
/* End PBXNativeTarget section */

/* Begin PBXProject section */
		EA69FAE720ED6C350052930E /* Project object */ = {
			isa = PBXProject;
			attributes = {
				LastSwiftUpdateCheck = 0940;
				LastUpgradeCheck = 0940;
				ORGANIZATIONNAME = "Burak Furkan Asilturk";
				TargetAttributes = {
					EA69FAEE20ED6C350052930E = {
						CreatedOnToolsVersion = 9.4.1;
					};
					EA69FB0220ED6C360052930E = {
						CreatedOnToolsVersion = 9.4.1;
						TestTargetID = EA69FAEE20ED6C350052930E;
					};
					EA69FB0D20ED6C360052930E = {
						CreatedOnToolsVersion = 9.4.1;
						TestTargetID = EA69FAEE20ED6C350052930E;
					};
				};
			};
			buildConfigurationList = EA69FAEA20ED6C350052930E /* Build configuration list for PBXProject "SaglikAsistani" */;
			compatibilityVersion = "Xcode 9.3";
			developmentRegion = en;
			hasScannedForEncodings = 0;
			knownRegions = (
				en,
				Base,
			);
			mainGroup = EA69FAE620ED6C350052930E;
			productRefGroup = EA69FAF020ED6C350052930E /* Products */;
			projectDirPath = "";
			projectRoot = "";
			targets = (
				EA69FAEE20ED6C350052930E /* SaglikAsistani */,
				EA69FB0220ED6C360052930E /* SaglikAsistaniTests */,
				EA69FB0D20ED6C360052930E /* SaglikAsistaniUITests */,
			);
		};
/* End PBXProject section */

/* Begin PBXResourcesBuildPhase section */
		EA69FAED20ED6C350052930E /* Resources */ = {
			isa = PBXResourcesBuildPhase;
			buildActionMask = 2147483647;
			files = (
				EA69FAFD20ED6C360052930E /* LaunchScreen.storyboard in Resources */,
				EA69FAFA20ED6C360052930E /* Assets.xcassets in Resources */,
				EA69FAF820ED6C350052930E /* Main.storyboard in Resources */,
			);
			runOnlyForDeploymentPostprocessing = 0;
		};
		EA69FB0120ED6C360052930E /* Resources */ = {
			isa = PBXResourcesBuildPhase;
			buildActionMask = 2147483647;
			files = (
			);
			runOnlyForDeploymentPostprocessing = 0;
		};
		EA69FB0C20ED6C360052930E /* Resources */ = {
			isa = PBXResourcesBuildPhase;
			buildActionMask = 2147483647;
			files = (
			);
			runOnlyForDeploymentPostprocessing = 0;
		};
/* End PBXResourcesBuildPhase section */

/* Begin PBXShellScriptBuildPhase section */
		0A1393D2896515524168954C /* [CP] Embed Pods Frameworks */ = {
			isa = PBXShellScriptBuildPhase;
			buildActionMask = 2147483647;
			files = (
			);
			inputPaths = (
				"${SRCROOT}/Pods/Target Support Files/Pods-SaglikAsistani/Pods-SaglikAsistani-frameworks.sh",
				"${BUILT_PRODUCTS_DIR}/NVActivityIndicatorView/NVActivityIndicatorView.framework",
				"${BUILT_PRODUCTS_DIR}/SwiftMessages/SwiftMessages.framework",
			);
			name = "[CP] Embed Pods Frameworks";
			outputPaths = (
				"${TARGET_BUILD_DIR}/${FRAMEWORKS_FOLDER_PATH}/NVActivityIndicatorView.framework",
				"${TARGET_BUILD_DIR}/${FRAMEWORKS_FOLDER_PATH}/SwiftMessages.framework",
			);
			runOnlyForDeploymentPostprocessing = 0;
			shellPath = /bin/sh;
			shellScript = "\"${SRCROOT}/Pods/Target Support Files/Pods-SaglikAsistani/Pods-SaglikAsistani-frameworks.sh\"\n";
			showEnvVarsInLog = 0;
		};
		18382E602DE6C706FA2E059E /* [CP] Check Pods Manifest.lock */ = {
			isa = PBXShellScriptBuildPhase;
			buildActionMask = 2147483647;
			files = (
			);
			inputPaths = (
				"${PODS_PODFILE_DIR_PATH}/Podfile.lock",
				"${PODS_ROOT}/Manifest.lock",
			);
			name = "[CP] Check Pods Manifest.lock";
			outputPaths = (
				"$(DERIVED_FILE_DIR)/Pods-SaglikAsistaniUITests-checkManifestLockResult.txt",
			);
			runOnlyForDeploymentPostprocessing = 0;
			shellPath = /bin/sh;
			shellScript = "diff \"${PODS_PODFILE_DIR_PATH}/Podfile.lock\" \"${PODS_ROOT}/Manifest.lock\" > /dev/null\nif [ $? != 0 ] ; then\n    # print error to STDERR\n    echo \"error: The sandbox is not in sync with the Podfile.lock. Run 'pod install' or update your CocoaPods installation.\" >&2\n    exit 1\nfi\n# This output is used by Xcode 'outputs' to avoid re-running this script phase.\necho \"SUCCESS\" > \"${SCRIPT_OUTPUT_FILE_0}\"\n";
			showEnvVarsInLog = 0;
		};
		2BA6667B7033F642E3CFF9C5 /* [CP] Check Pods Manifest.lock */ = {
			isa = PBXShellScriptBuildPhase;
			buildActionMask = 2147483647;
			files = (
			);
			inputPaths = (
				"${PODS_PODFILE_DIR_PATH}/Podfile.lock",
				"${PODS_ROOT}/Manifest.lock",
			);
			name = "[CP] Check Pods Manifest.lock";
			outputPaths = (
				"$(DERIVED_FILE_DIR)/Pods-SaglikAsistaniTests-checkManifestLockResult.txt",
			);
			runOnlyForDeploymentPostprocessing = 0;
			shellPath = /bin/sh;
			shellScript = "diff \"${PODS_PODFILE_DIR_PATH}/Podfile.lock\" \"${PODS_ROOT}/Manifest.lock\" > /dev/null\nif [ $? != 0 ] ; then\n    # print error to STDERR\n    echo \"error: The sandbox is not in sync with the Podfile.lock. Run 'pod install' or update your CocoaPods installation.\" >&2\n    exit 1\nfi\n# This output is used by Xcode 'outputs' to avoid re-running this script phase.\necho \"SUCCESS\" > \"${SCRIPT_OUTPUT_FILE_0}\"\n";
			showEnvVarsInLog = 0;
		};
		A708CBDFCF3B2FCE118514F9 /* [CP] Check Pods Manifest.lock */ = {
			isa = PBXShellScriptBuildPhase;
			buildActionMask = 2147483647;
			files = (
			);
			inputPaths = (
				"${PODS_PODFILE_DIR_PATH}/Podfile.lock",
				"${PODS_ROOT}/Manifest.lock",
			);
			name = "[CP] Check Pods Manifest.lock";
			outputPaths = (
				"$(DERIVED_FILE_DIR)/Pods-SaglikAsistani-checkManifestLockResult.txt",
			);
			runOnlyForDeploymentPostprocessing = 0;
			shellPath = /bin/sh;
			shellScript = "diff \"${PODS_PODFILE_DIR_PATH}/Podfile.lock\" \"${PODS_ROOT}/Manifest.lock\" > /dev/null\nif [ $? != 0 ] ; then\n    # print error to STDERR\n    echo \"error: The sandbox is not in sync with the Podfile.lock. Run 'pod install' or update your CocoaPods installation.\" >&2\n    exit 1\nfi\n# This output is used by Xcode 'outputs' to avoid re-running this script phase.\necho \"SUCCESS\" > \"${SCRIPT_OUTPUT_FILE_0}\"\n";
			showEnvVarsInLog = 0;
		};
/* End PBXShellScriptBuildPhase section */

/* Begin PBXSourcesBuildPhase section */
		EA69FAEB20ED6C350052930E /* Sources */ = {
			isa = PBXSourcesBuildPhase;
			buildActionMask = 2147483647;
			files = (
				EA5B81A320EFD6B300AC6F13 /* LoginCoordinator.swift in Sources */,
				EA69FAF520ED6C350052930E /* LoginViewController.swift in Sources */,
				EA69FB2820ED83450052930E /* SignUpViewController.swift in Sources */,
				EA69FB2520ED7EA60052930E /* Validator.swift in Sources */,
				EAC0059720EFE21D00648B48 /* SignUpCoordinator.swift in Sources */,
				EAC0059B20EFE53200648B48 /* ApplicationValues.swift in Sources */,
				EA69FAF320ED6C350052930E /* AppDelegate.swift in Sources */,
				EA20709D20ED97420074AF15 /* SwiftMessages.swift in Sources */,
				EA5B81A520EFD7A600AC6F13 /* Server.swift in Sources */,
				EA5F946320F127C1007E9D1A /* UserCoordinator.swift in Sources */,
			);
			runOnlyForDeploymentPostprocessing = 0;
		};
		EA69FAFF20ED6C360052930E /* Sources */ = {
			isa = PBXSourcesBuildPhase;
			buildActionMask = 2147483647;
			files = (
				EA69FB0820ED6C360052930E /* SaglikAsistaniTests.swift in Sources */,
			);
			runOnlyForDeploymentPostprocessing = 0;
		};
		EA69FB0A20ED6C360052930E /* Sources */ = {
			isa = PBXSourcesBuildPhase;
			buildActionMask = 2147483647;
			files = (
				EA69FB1320ED6C360052930E /* SaglikAsistaniUITests.swift in Sources */,
			);
			runOnlyForDeploymentPostprocessing = 0;
		};
/* End PBXSourcesBuildPhase section */

/* Begin PBXTargetDependency section */
		EA69FB0520ED6C360052930E /* PBXTargetDependency */ = {
			isa = PBXTargetDependency;
			target = EA69FAEE20ED6C350052930E /* SaglikAsistani */;
			targetProxy = EA69FB0420ED6C360052930E /* PBXContainerItemProxy */;
		};
		EA69FB1020ED6C360052930E /* PBXTargetDependency */ = {
			isa = PBXTargetDependency;
			target = EA69FAEE20ED6C350052930E /* SaglikAsistani */;
			targetProxy = EA69FB0F20ED6C360052930E /* PBXContainerItemProxy */;
		};
/* End PBXTargetDependency section */

/* Begin PBXVariantGroup section */
		EA69FAF620ED6C350052930E /* Main.storyboard */ = {
			isa = PBXVariantGroup;
			children = (
				EA69FAF720ED6C350052930E /* Base */,
			);
			name = Main.storyboard;
			sourceTree = "<group>";
		};
		EA69FAFB20ED6C360052930E /* LaunchScreen.storyboard */ = {
			isa = PBXVariantGroup;
			children = (
				EA69FAFC20ED6C360052930E /* Base */,
			);
			name = LaunchScreen.storyboard;
			sourceTree = "<group>";
		};
/* End PBXVariantGroup section */

/* Begin XCBuildConfiguration section */
		EA69FB1520ED6C360052930E /* Debug */ = {
			isa = XCBuildConfiguration;
			buildSettings = {
				ALWAYS_SEARCH_USER_PATHS = NO;
				CLANG_ANALYZER_NONNULL = YES;
				CLANG_ANALYZER_NUMBER_OBJECT_CONVERSION = YES_AGGRESSIVE;
				CLANG_CXX_LANGUAGE_STANDARD = "gnu++14";
				CLANG_CXX_LIBRARY = "libc++";
				CLANG_ENABLE_MODULES = YES;
				CLANG_ENABLE_OBJC_ARC = YES;
				CLANG_ENABLE_OBJC_WEAK = YES;
				CLANG_WARN_BLOCK_CAPTURE_AUTORELEASING = YES;
				CLANG_WARN_BOOL_CONVERSION = YES;
				CLANG_WARN_COMMA = YES;
				CLANG_WARN_CONSTANT_CONVERSION = YES;
				CLANG_WARN_DEPRECATED_OBJC_IMPLEMENTATIONS = YES;
				CLANG_WARN_DIRECT_OBJC_ISA_USAGE = YES_ERROR;
				CLANG_WARN_DOCUMENTATION_COMMENTS = YES;
				CLANG_WARN_EMPTY_BODY = YES;
				CLANG_WARN_ENUM_CONVERSION = YES;
				CLANG_WARN_INFINITE_RECURSION = YES;
				CLANG_WARN_INT_CONVERSION = YES;
				CLANG_WARN_NON_LITERAL_NULL_CONVERSION = YES;
				CLANG_WARN_OBJC_IMPLICIT_RETAIN_SELF = YES;
				CLANG_WARN_OBJC_LITERAL_CONVERSION = YES;
				CLANG_WARN_OBJC_ROOT_CLASS = YES_ERROR;
				CLANG_WARN_RANGE_LOOP_ANALYSIS = YES;
				CLANG_WARN_STRICT_PROTOTYPES = YES;
				CLANG_WARN_SUSPICIOUS_MOVE = YES;
				CLANG_WARN_UNGUARDED_AVAILABILITY = YES_AGGRESSIVE;
				CLANG_WARN_UNREACHABLE_CODE = YES;
				CLANG_WARN__DUPLICATE_METHOD_MATCH = YES;
				CODE_SIGN_IDENTITY = "iPhone Developer";
				COPY_PHASE_STRIP = NO;
				DEBUG_INFORMATION_FORMAT = dwarf;
				ENABLE_STRICT_OBJC_MSGSEND = YES;
				ENABLE_TESTABILITY = YES;
				GCC_C_LANGUAGE_STANDARD = gnu11;
				GCC_DYNAMIC_NO_PIC = NO;
				GCC_NO_COMMON_BLOCKS = YES;
				GCC_OPTIMIZATION_LEVEL = 0;
				GCC_PREPROCESSOR_DEFINITIONS = (
					"DEBUG=1",
					"$(inherited)",
				);
				GCC_WARN_64_TO_32_BIT_CONVERSION = YES;
				GCC_WARN_ABOUT_RETURN_TYPE = YES_ERROR;
				GCC_WARN_UNDECLARED_SELECTOR = YES;
				GCC_WARN_UNINITIALIZED_AUTOS = YES_AGGRESSIVE;
				GCC_WARN_UNUSED_FUNCTION = YES;
				GCC_WARN_UNUSED_VARIABLE = YES;
				IPHONEOS_DEPLOYMENT_TARGET = 11.4;
				MTL_ENABLE_DEBUG_INFO = YES;
				ONLY_ACTIVE_ARCH = YES;
				SDKROOT = iphoneos;
				SWIFT_ACTIVE_COMPILATION_CONDITIONS = DEBUG;
				SWIFT_OPTIMIZATION_LEVEL = "-Onone";
			};
			name = Debug;
		};
		EA69FB1620ED6C360052930E /* Release */ = {
			isa = XCBuildConfiguration;
			buildSettings = {
				ALWAYS_SEARCH_USER_PATHS = NO;
				CLANG_ANALYZER_NONNULL = YES;
				CLANG_ANALYZER_NUMBER_OBJECT_CONVERSION = YES_AGGRESSIVE;
				CLANG_CXX_LANGUAGE_STANDARD = "gnu++14";
				CLANG_CXX_LIBRARY = "libc++";
				CLANG_ENABLE_MODULES = YES;
				CLANG_ENABLE_OBJC_ARC = YES;
				CLANG_ENABLE_OBJC_WEAK = YES;
				CLANG_WARN_BLOCK_CAPTURE_AUTORELEASING = YES;
				CLANG_WARN_BOOL_CONVERSION = YES;
				CLANG_WARN_COMMA = YES;
				CLANG_WARN_CONSTANT_CONVERSION = YES;
				CLANG_WARN_DEPRECATED_OBJC_IMPLEMENTATIONS = YES;
				CLANG_WARN_DIRECT_OBJC_ISA_USAGE = YES_ERROR;
				CLANG_WARN_DOCUMENTATION_COMMENTS = YES;
				CLANG_WARN_EMPTY_BODY = YES;
				CLANG_WARN_ENUM_CONVERSION = YES;
				CLANG_WARN_INFINITE_RECURSION = YES;
				CLANG_WARN_INT_CONVERSION = YES;
				CLANG_WARN_NON_LITERAL_NULL_CONVERSION = YES;
				CLANG_WARN_OBJC_IMPLICIT_RETAIN_SELF = YES;
				CLANG_WARN_OBJC_LITERAL_CONVERSION = YES;
				CLANG_WARN_OBJC_ROOT_CLASS = YES_ERROR;
				CLANG_WARN_RANGE_LOOP_ANALYSIS = YES;
				CLANG_WARN_STRICT_PROTOTYPES = YES;
				CLANG_WARN_SUSPICIOUS_MOVE = YES;
				CLANG_WARN_UNGUARDED_AVAILABILITY = YES_AGGRESSIVE;
				CLANG_WARN_UNREACHABLE_CODE = YES;
				CLANG_WARN__DUPLICATE_METHOD_MATCH = YES;
				CODE_SIGN_IDENTITY = "iPhone Developer";
				COPY_PHASE_STRIP = NO;
				DEBUG_INFORMATION_FORMAT = "dwarf-with-dsym";
				ENABLE_NS_ASSERTIONS = NO;
				ENABLE_STRICT_OBJC_MSGSEND = YES;
				GCC_C_LANGUAGE_STANDARD = gnu11;
				GCC_NO_COMMON_BLOCKS = YES;
				GCC_WARN_64_TO_32_BIT_CONVERSION = YES;
				GCC_WARN_ABOUT_RETURN_TYPE = YES_ERROR;
				GCC_WARN_UNDECLARED_SELECTOR = YES;
				GCC_WARN_UNINITIALIZED_AUTOS = YES_AGGRESSIVE;
				GCC_WARN_UNUSED_FUNCTION = YES;
				GCC_WARN_UNUSED_VARIABLE = YES;
				IPHONEOS_DEPLOYMENT_TARGET = 11.4;
				MTL_ENABLE_DEBUG_INFO = NO;
				SDKROOT = iphoneos;
				SWIFT_COMPILATION_MODE = wholemodule;
				SWIFT_OPTIMIZATION_LEVEL = "-O";
				VALIDATE_PRODUCT = YES;
			};
			name = Release;
		};
		EA69FB1820ED6C360052930E /* Debug */ = {
			isa = XCBuildConfiguration;
			baseConfigurationReference = 468DE5B243C33016468AB186 /* Pods-SaglikAsistani.debug.xcconfig */;
			buildSettings = {
				ASSETCATALOG_COMPILER_APPICON_NAME = AppIcon;
				CODE_SIGN_STYLE = Automatic;
				DEVELOPMENT_TEAM = Y6U4G3TYU8;
				INFOPLIST_FILE = SaglikAsistani/Info.plist;
				LD_RUNPATH_SEARCH_PATHS = (
					"$(inherited)",
					"@executable_path/Frameworks",
				);
				PRODUCT_BUNDLE_IDENTIFIER = com.derindata.SaglikAsistani;
				PRODUCT_NAME = "$(TARGET_NAME)";
				SWIFT_VERSION = 4.0;
				TARGETED_DEVICE_FAMILY = "1,2";
			};
			name = Debug;
		};
		EA69FB1920ED6C360052930E /* Release */ = {
			isa = XCBuildConfiguration;
			baseConfigurationReference = 7BABC8258414E9AC68126E42 /* Pods-SaglikAsistani.release.xcconfig */;
			buildSettings = {
				ASSETCATALOG_COMPILER_APPICON_NAME = AppIcon;
				CODE_SIGN_STYLE = Automatic;
				DEVELOPMENT_TEAM = Y6U4G3TYU8;
				INFOPLIST_FILE = SaglikAsistani/Info.plist;
				LD_RUNPATH_SEARCH_PATHS = (
					"$(inherited)",
					"@executable_path/Frameworks",
				);
				PRODUCT_BUNDLE_IDENTIFIER = com.derindata.SaglikAsistani;
				PRODUCT_NAME = "$(TARGET_NAME)";
				SWIFT_VERSION = 4.0;
				TARGETED_DEVICE_FAMILY = "1,2";
			};
			name = Release;
		};
		EA69FB1B20ED6C360052930E /* Debug */ = {
			isa = XCBuildConfiguration;
			baseConfigurationReference = AF8EB7B32AC2CF3567CB4B79 /* Pods-SaglikAsistaniTests.debug.xcconfig */;
			buildSettings = {
				ALWAYS_EMBED_SWIFT_STANDARD_LIBRARIES = YES;
				BUNDLE_LOADER = "$(TEST_HOST)";
				CODE_SIGN_STYLE = Automatic;
				DEVELOPMENT_TEAM = Y6U4G3TYU8;
				INFOPLIST_FILE = SaglikAsistaniTests/Info.plist;
				LD_RUNPATH_SEARCH_PATHS = (
					"$(inherited)",
					"@executable_path/Frameworks",
					"@loader_path/Frameworks",
				);
				PRODUCT_BUNDLE_IDENTIFIER = com.furkanasilturk.SaglikAsistaniTests;
				PRODUCT_NAME = "$(TARGET_NAME)";
				SWIFT_VERSION = 4.0;
				TARGETED_DEVICE_FAMILY = "1,2";
				TEST_HOST = "$(BUILT_PRODUCTS_DIR)/SaglikAsistani.app/SaglikAsistani";
			};
			name = Debug;
		};
		EA69FB1C20ED6C360052930E /* Release */ = {
			isa = XCBuildConfiguration;
			baseConfigurationReference = 2D4AC9473E2D83086614935D /* Pods-SaglikAsistaniTests.release.xcconfig */;
			buildSettings = {
				ALWAYS_EMBED_SWIFT_STANDARD_LIBRARIES = YES;
				BUNDLE_LOADER = "$(TEST_HOST)";
				CODE_SIGN_STYLE = Automatic;
				DEVELOPMENT_TEAM = Y6U4G3TYU8;
				INFOPLIST_FILE = SaglikAsistaniTests/Info.plist;
				LD_RUNPATH_SEARCH_PATHS = (
					"$(inherited)",
					"@executable_path/Frameworks",
					"@loader_path/Frameworks",
				);
				PRODUCT_BUNDLE_IDENTIFIER = com.furkanasilturk.SaglikAsistaniTests;
				PRODUCT_NAME = "$(TARGET_NAME)";
				SWIFT_VERSION = 4.0;
				TARGETED_DEVICE_FAMILY = "1,2";
				TEST_HOST = "$(BUILT_PRODUCTS_DIR)/SaglikAsistani.app/SaglikAsistani";
			};
			name = Release;
		};
		EA69FB1E20ED6C360052930E /* Debug */ = {
			isa = XCBuildConfiguration;
			baseConfigurationReference = 59B119D957E62B1F9F9FA157 /* Pods-SaglikAsistaniUITests.debug.xcconfig */;
			buildSettings = {
				ALWAYS_EMBED_SWIFT_STANDARD_LIBRARIES = YES;
				CODE_SIGN_STYLE = Automatic;
				DEVELOPMENT_TEAM = Y6U4G3TYU8;
				INFOPLIST_FILE = SaglikAsistaniUITests/Info.plist;
				LD_RUNPATH_SEARCH_PATHS = (
					"$(inherited)",
					"@executable_path/Frameworks",
					"@loader_path/Frameworks",
				);
				PRODUCT_BUNDLE_IDENTIFIER = com.furkanasilturk.SaglikAsistaniUITests;
				PRODUCT_NAME = "$(TARGET_NAME)";
				SWIFT_VERSION = 4.0;
				TARGETED_DEVICE_FAMILY = "1,2";
				TEST_TARGET_NAME = SaglikAsistani;
			};
			name = Debug;
		};
		EA69FB1F20ED6C360052930E /* Release */ = {
			isa = XCBuildConfiguration;
			baseConfigurationReference = EE867011A702A4A9E41BFE96 /* Pods-SaglikAsistaniUITests.release.xcconfig */;
			buildSettings = {
				ALWAYS_EMBED_SWIFT_STANDARD_LIBRARIES = YES;
				CODE_SIGN_STYLE = Automatic;
				DEVELOPMENT_TEAM = Y6U4G3TYU8;
				INFOPLIST_FILE = SaglikAsistaniUITests/Info.plist;
				LD_RUNPATH_SEARCH_PATHS = (
					"$(inherited)",
					"@executable_path/Frameworks",
					"@loader_path/Frameworks",
				);
				PRODUCT_BUNDLE_IDENTIFIER = com.furkanasilturk.SaglikAsistaniUITests;
				PRODUCT_NAME = "$(TARGET_NAME)";
				SWIFT_VERSION = 4.0;
				TARGETED_DEVICE_FAMILY = "1,2";
				TEST_TARGET_NAME = SaglikAsistani;
			};
			name = Release;
		};
/* End XCBuildConfiguration section */

/* Begin XCConfigurationList section */
		EA69FAEA20ED6C350052930E /* Build configuration list for PBXProject "SaglikAsistani" */ = {
			isa = XCConfigurationList;
			buildConfigurations = (
				EA69FB1520ED6C360052930E /* Debug */,
				EA69FB1620ED6C360052930E /* Release */,
			);
			defaultConfigurationIsVisible = 0;
			defaultConfigurationName = Release;
		};
		EA69FB1720ED6C360052930E /* Build configuration list for PBXNativeTarget "SaglikAsistani" */ = {
			isa = XCConfigurationList;
			buildConfigurations = (
				EA69FB1820ED6C360052930E /* Debug */,
				EA69FB1920ED6C360052930E /* Release */,
			);
			defaultConfigurationIsVisible = 0;
			defaultConfigurationName = Release;
		};
		EA69FB1A20ED6C360052930E /* Build configuration list for PBXNativeTarget "SaglikAsistaniTests" */ = {
			isa = XCConfigurationList;
			buildConfigurations = (
				EA69FB1B20ED6C360052930E /* Debug */,
				EA69FB1C20ED6C360052930E /* Release */,
			);
			defaultConfigurationIsVisible = 0;
			defaultConfigurationName = Release;
		};
		EA69FB1D20ED6C360052930E /* Build configuration list for PBXNativeTarget "SaglikAsistaniUITests" */ = {
			isa = XCConfigurationList;
			buildConfigurations = (
				EA69FB1E20ED6C360052930E /* Debug */,
				EA69FB1F20ED6C360052930E /* Release */,
			);
			defaultConfigurationIsVisible = 0;
			defaultConfigurationName = Release;
		};
/* End XCConfigurationList section */
	};
	rootObject = EA69FAE720ED6C350052930E /* Project object */;
}
